
Microsoft Visual Studio Solution File, Format Version 12.00
# Visual Studio Version 17
VisualStudioVersion = 17.14.36811.4
MinimumVisualStudioVersion = 10.0.40219.1
Project("{FAE04EC0-301F-11D3-BF4B-00C04F79EFBC}") = "WebAPI", "WebAPI\WebAPI.csproj", "{4DA63D77-7217-4F8B-9C41-3B76C32DFAAC}"
EndProject
Project("{FAE04EC0-301F-11D3-BF4B-00C04F79EFBC}") = "MVCApp", "MVCApp\MVCApp.csproj", "{DC8AA018-C73E-494F-8211-18772C2C535F}"
EndProject
Project("{2150E333-8FDC-42A3-9474-1A3956D46DE8}") = "scripts3", "scripts3", "{02EA681E-C7D8-13C7-8484-4AC65E1B71E8}"
	ProjectSection(SolutionItems) = preProject
		schema.sql = schema.sql
		seed.sql = seed.sql
	EndProjectSection
EndProject
Project("{FAE04EC0-301F-11D3-BF4B-00C04F79EFBC}") = "ClinicReportingApp", "ClinicReportingApp\ClinicReportingApp.csproj", "{D0582B98-22A4-A9BD-C6CF-FCAE3218E33F}"
EndProject
Global
	GlobalSection(SolutionConfigurationPlatforms) = preSolution
		Debug|Any CPU = Debug|Any CPU
		Release|Any CPU = Release|Any CPU
	EndGlobalSection
	GlobalSection(ProjectConfigurationPlatforms) = postSolution
		{4DA63D77-7217-4F8B-9C41-3B76C32DFAAC}.Debug|Any CPU.ActiveCfg = Debug|Any CPU
		{4DA63D77-7217-4F8B-9C41-3B76C32DFAAC}.Debug|Any CPU.Build.0 = Debug|Any CPU
		{4DA63D77-7217-4F8B-9C41-3B76C32DFAAC}.Release|Any CPU.ActiveCfg = Release|Any CPU
		{4DA63D77-7217-4F8B-9C41-3B76C32DFAAC}.Release|Any CPU.Build.0 = Release|Any CPU
		{DC8AA018-C73E-494F-8211-18772C2C535F}.Debug|Any CPU.ActiveCfg = Debug|Any CPU
		{DC8AA018-C73E-494F-8211-18772C2C535F}.Debug|Any CPU.Build.0 = Debug|Any CPU
		{DC8AA018-C73E-494F-8211-18772C2C535F}.Release|Any CPU.ActiveCfg = Release|Any CPU
		{DC8AA018-C73E-494F-8211-18772C2C535F}.Release|Any CPU.Build.0 = Release|Any CPU
		{D0582B98-22A4-A9BD-C6CF-FCAE3218E33F}.Debug|Any CPU.ActiveCfg = Debug|Any CPU
		{D0582B98-22A4-A9BD-C6CF-FCAE3218E33F}.Debug|Any CPU.Build.0 = Debug|Any CPU
		{D0582B98-22A4-A9BD-C6CF-FCAE3218E33F}.Release|Any CPU.ActiveCfg = Release|Any CPU
		{D0582B98-22A4-A9BD-C6CF-FCAE3218E33F}.Release|Any CPU.Build.0 = Release|Any CPU
	EndGlobalSection
	GlobalSection(SolutionProperties) = preSolution
		HideSolutionNode = FALSE
	EndGlobalSection
	GlobalSection(ExtensibilityGlobals) = postSolution
		SolutionGuid = {C75D1EEC-7FD9-4EBF-ADFC-D20FDD015DCB}
	EndGlobalSection
EndGlobal
